
Microsoft Visual Studio Solution File, Format Version 12.00
# Visual Studio Version 17
VisualStudioVersion = 17.0.32112.339
MinimumVisualStudioVersion = 10.0.40219.1
Project("{9A19103F-16F7-4668-BE54-9A1E7A4F7556}") = "Notebook", "Notebook\Notebook.csproj", "{53A402BF-83EF-4DBC-A481-E2297950E582}"
EndProject
Global
	GlobalSection(SolutionConfigurationPlatforms) = preSolution
		Debug|Any CPU = Debug|Any CPU
		Release|Any CPU = Release|Any CPU
	EndGlobalSection
	GlobalSection(ProjectConfigurationPlatforms) = postSolution
		{53A402BF-83EF-4DBC-A481-E2297950E582}.Debug|Any CPU.ActiveCfg = Debug|Any CPU
		{53A402BF-83EF-4DBC-A481-E2297950E582}.Debug|Any CPU.Build.0 = Debug|Any CPU
		{53A402BF-83EF-4DBC-A481-E2297950E582}.Release|Any CPU.ActiveCfg = Release|Any CPU
		{53A402BF-83EF-4DBC-A481-E2297950E582}.Release|Any CPU.Build.0 = Release|Any CPU
	EndGlobalSection
	GlobalSection(SolutionProperties) = preSolution
		HideSolutionNode = FALSE
	EndGlobalSection
	GlobalSection(ExtensibilityGlobals) = postSolution
		SolutionGuid = {C6FAB038-0BF2-4709-9468-FE964C5AEB30}
	EndGlobalSection
EndGlobal
